// !$*UTF8*$!
{
	archiveVersion = 1;
	classes = {
	};
	objectVersion = 77;
	objects = {

/* Begin PBXBuildFile section */
		00D9ED2059F793A872D7BFA0 /* ContentView.swift in Sources */ = {isa = PBXBuildFile; fileRef = 3004F35FAAC8FA02A8183900 /* ContentView.swift */; };
		012EDB06A5E944386242239F /* SettingsView.swift in Sources */ = {isa = PBXBuildFile; fileRef = 4B97E20FC56A77E81EFE19F5 /* SettingsView.swift */; };
		099FCCB99435AD6CFD76F391 /* Assets.xcassets in Resources */ = {isa = PBXBuildFile; fileRef = 10271AA97D3174F9DDA37A7C /* Assets.xcassets */; };
		0B3CDA84A1AB7C3752EB1631 /* HomeView.swift in Sources */ = {isa = PBXBuildFile; fileRef = 856AD5FBFE65037A0B4E021F /* HomeView.swift */; };
		107BDCF7E02BB5039EE56953 /* GRDB in Frameworks */ = {isa = PBXBuildFile; productRef = 27FD1B861F6040771576F03D /* GRDB */; };
		3828F8A5058D838207B54E45 /* CategoryManagementViewModel.swift in Sources */ = {isa = PBXBuildFile; fileRef = 00A684F9F4D2559D409301A8 /* CategoryManagementViewModel.swift */; };
		4F9CCE6B886A847CE4C8B7AA /* Category.swift in Sources */ = {isa = PBXBuildFile; fileRef = 88754DC8D9F4C1BB271956F4 /* Category.swift */; };
		5A26C51467290B2BA9EE65DD /* ExpenseTrackerApp.swift in Sources */ = {isa = PBXBuildFile; fileRef = 0CB050E8CF2088D46A38BFF2 /* ExpenseTrackerApp.swift */; };
		C424C766A64EFCFEE6ABCA9C /* LocalStore.swift in Sources */ = {isa = PBXBuildFile; fileRef = 08135614E7440C3DE5AC1B3C /* LocalStore.swift */; };
		C81126D7FF5FFFAD8C91E4BB /* APIClient.swift in Sources */ = {isa = PBXBuildFile; fileRef = CED3205908FF778F3A0C8650 /* APIClient.swift */; };
		D27A665C6576ECDB2F8CF2E6 /* GRDBCategoryStore.swift in Sources */ = {isa = PBXBuildFile; fileRef = 94089CE556E8C4AEBBFAB9A2 /* GRDBCategoryStore.swift */; };
		E770F6CE24579C032276E87C /* CategoryStore.swift in Sources */ = {isa = PBXBuildFile; fileRef = F5CAED430DC76C32CAFB000E /* CategoryStore.swift */; };
		F51F2770C4D4B62541938B8F /* RootView.swift in Sources */ = {isa = PBXBuildFile; fileRef = 48E1CE21F5E2DF75BEF98BA6 /* RootView.swift */; };
		F782B9472C3BF04388963FE8 /* Expense.swift in Sources */ = {isa = PBXBuildFile; fileRef = 60253B76869618A3C6DCE2AB /* Expense.swift */; };
/* End PBXBuildFile section */

/* Begin PBXFileReference section */
		00A684F9F4D2559D409301A8 /* CategoryManagementViewModel.swift */ = {isa = PBXFileReference; lastKnownFileType = sourcecode.swift; path = CategoryManagementViewModel.swift; sourceTree = "<group>"; };
		08135614E7440C3DE5AC1B3C /* LocalStore.swift */ = {isa = PBXFileReference; lastKnownFileType = sourcecode.swift; path = LocalStore.swift; sourceTree = "<group>"; };
		0CB050E8CF2088D46A38BFF2 /* ExpenseTrackerApp.swift */ = {isa = PBXFileReference; lastKnownFileType = sourcecode.swift; path = ExpenseTrackerApp.swift; sourceTree = "<group>"; };
		10271AA97D3174F9DDA37A7C /* Assets.xcassets */ = {isa = PBXFileReference; lastKnownFileType = folder.assetcatalog; path = Assets.xcassets; sourceTree = "<group>"; };
		2C126B9E82517DFD361B9A71 /* ExpenseTracker.app */ = {isa = PBXFileReference; includeInIndex = 0; lastKnownFileType = wrapper.application; path = ExpenseTracker.app; sourceTree = BUILT_PRODUCTS_DIR; };
		3004F35FAAC8FA02A8183900 /* ContentView.swift */ = {isa = PBXFileReference; lastKnownFileType = sourcecode.swift; path = ContentView.swift; sourceTree = "<group>"; };
		48E1CE21F5E2DF75BEF98BA6 /* RootView.swift */ = {isa = PBXFileReference; lastKnownFileType = sourcecode.swift; path = RootView.swift; sourceTree = "<group>"; };
		4B97E20FC56A77E81EFE19F5 /* SettingsView.swift */ = {isa = PBXFileReference; lastKnownFileType = sourcecode.swift; path = SettingsView.swift; sourceTree = "<group>"; };
		60253B76869618A3C6DCE2AB /* Expense.swift */ = {isa = PBXFileReference; lastKnownFileType = sourcecode.swift; path = Expense.swift; sourceTree = "<group>"; };
		856AD5FBFE65037A0B4E021F /* HomeView.swift */ = {isa = PBXFileReference; lastKnownFileType = sourcecode.swift; path = HomeView.swift; sourceTree = "<group>"; };
		88754DC8D9F4C1BB271956F4 /* Category.swift */ = {isa = PBXFileReference; lastKnownFileType = sourcecode.swift; path = Category.swift; sourceTree = "<group>"; };
		94089CE556E8C4AEBBFAB9A2 /* GRDBCategoryStore.swift */ = {isa = PBXFileReference; lastKnownFileType = sourcecode.swift; path = GRDBCategoryStore.swift; sourceTree = "<group>"; };
		CED3205908FF778F3A0C8650 /* APIClient.swift */ = {isa = PBXFileReference; lastKnownFileType = sourcecode.swift; path = APIClient.swift; sourceTree = "<group>"; };
		F5CAED430DC76C32CAFB000E /* CategoryStore.swift */ = {isa = PBXFileReference; lastKnownFileType = sourcecode.swift; path = CategoryStore.swift; sourceTree = "<group>"; };
/* End PBXFileReference section */

/* Begin PBXFrameworksBuildPhase section */
		3A90A877BE7F15F58CB43D84 /* Frameworks */ = {
			isa = PBXFrameworksBuildPhase;
			buildActionMask = 2147483647;
			files = (
				107BDCF7E02BB5039EE56953 /* GRDB in Frameworks */,
			);
			runOnlyForDeploymentPostprocessing = 0;
		};
/* End PBXFrameworksBuildPhase section */

/* Begin PBXGroup section */
		11C3AA57D80675D1695DD8D5 = {
			isa = PBXGroup;
			children = (
				31390E24F982883165ABF46A /* App */,
				76FA804D001C76BB37BC1347 /* Category */,
				6CF6B10CD5F43B0634D495BA /* DB */,
				772D0626A5B185F5FA4FB776 /* Domain */,
				E38F2C82473CC4C2FA574079 /* ExpenseTracker */,
				4D3CE53882BD1DF1FCE3D679 /* Network */,
				52DCC419A9B7AC7A236791BA /* Resources */,
				6F115BC42E80A4FAA9A99709 /* UI */,
				1E51660FCE3C646E1767767C /* Products */,
			);
			sourceTree = "<group>";
		};
		1E51660FCE3C646E1767767C /* Products */ = {
			isa = PBXGroup;
			children = (
				2C126B9E82517DFD361B9A71 /* ExpenseTracker.app */,
			);
			name = Products;
			sourceTree = "<group>";
		};
		31390E24F982883165ABF46A /* App */ = {
			isa = PBXGroup;
			children = (
				0CB050E8CF2088D46A38BFF2 /* ExpenseTrackerApp.swift */,
			);
			name = App;
			path = ExpenseTracker/App;
			sourceTree = "<group>";
		};
		4D3CE53882BD1DF1FCE3D679 /* Network */ = {
			isa = PBXGroup;
			children = (
				CED3205908FF778F3A0C8650 /* APIClient.swift */,
			);
			name = Network;
			path = ExpenseTracker/Network;
			sourceTree = "<group>";
		};
		52DCC419A9B7AC7A236791BA /* Resources */ = {
			isa = PBXGroup;
			children = (
				10271AA97D3174F9DDA37A7C /* Assets.xcassets */,
			);
			name = Resources;
			path = ExpenseTracker/Resources;
			sourceTree = "<group>";
		};
		6CF6B10CD5F43B0634D495BA /* DB */ = {
			isa = PBXGroup;
			children = (
				08135614E7440C3DE5AC1B3C /* LocalStore.swift */,
			);
			name = DB;
			path = ExpenseTracker/DB;
			sourceTree = "<group>";
		};
		6F115BC42E80A4FAA9A99709 /* UI */ = {
			isa = PBXGroup;
			children = (
				856AD5FBFE65037A0B4E021F /* HomeView.swift */,
				48E1CE21F5E2DF75BEF98BA6 /* RootView.swift */,
				4B97E20FC56A77E81EFE19F5 /* SettingsView.swift */,
			);
			name = UI;
			path = ExpenseTracker/UI;
			sourceTree = "<group>";
		};
		76FA804D001C76BB37BC1347 /* Category */ = {
			isa = PBXGroup;
			children = (
				88754DC8D9F4C1BB271956F4 /* Category.swift */,
				00A684F9F4D2559D409301A8 /* CategoryManagementViewModel.swift */,
				F5CAED430DC76C32CAFB000E /* CategoryStore.swift */,
				94089CE556E8C4AEBBFAB9A2 /* GRDBCategoryStore.swift */,
			);
			name = Category;
			path = ExpenseTracker/Category;
			sourceTree = "<group>";
		};
		772D0626A5B185F5FA4FB776 /* Domain */ = {
			isa = PBXGroup;
			children = (
				60253B76869618A3C6DCE2AB /* Expense.swift */,
			);
			name = Domain;
			path = ExpenseTracker/Domain;
			sourceTree = "<group>";
		};
		E38F2C82473CC4C2FA574079 /* ExpenseTracker */ = {
			isa = PBXGroup;
			children = (
				3004F35FAAC8FA02A8183900 /* ContentView.swift */,
			);
			path = ExpenseTracker;
			sourceTree = "<group>";
		};
/* End PBXGroup section */

/* Begin PBXNativeTarget section */
		3513847C6F92D3754D258074 /* ExpenseTracker */ = {
			isa = PBXNativeTarget;
			buildConfigurationList = D7216D6AA501E6BB769D4995 /* Build configuration list for PBXNativeTarget "ExpenseTracker" */;
			buildPhases = (
				38F7F2BFF52A041C3B0EEC03 /* Sources */,
				4756DB68F54EC8BD6B64F4D2 /* Resources */,
				3A90A877BE7F15F58CB43D84 /* Frameworks */,
			);
			buildRules = (
			);
			dependencies = (
			);
			name = ExpenseTracker;
			packageProductDependencies = (
				27FD1B861F6040771576F03D /* GRDB */,
			);
			productName = ExpenseTracker;
			productReference = 2C126B9E82517DFD361B9A71 /* ExpenseTracker.app */;
			productType = "com.apple.product-type.application";
		};
/* End PBXNativeTarget section */

/* Begin PBXProject section */
		FCF189F5D2D9FC3BB06449CE /* Project object */ = {
			isa = PBXProject;
			attributes = {
				BuildIndependentTargetsInParallel = YES;
				LastUpgradeCheck = 1700;
				TargetAttributes = {
					3513847C6F92D3754D258074 = {
						DevelopmentTeam = "";
						ProvisioningStyle = Automatic;
					};
				};
			};
			buildConfigurationList = 77CF17364857E655D9A461FA /* Build configuration list for PBXProject "ExpenseTracker" */;
			compatibilityVersion = "Xcode 14.0";
			developmentRegion = en;
			hasScannedForEncodings = 0;
			knownRegions = (
				Base,
				en,
			);
			mainGroup = 11C3AA57D80675D1695DD8D5;
			minimizedProjectReferenceProxies = 1;
			packageReferences = (
				1637BFC0B18F64397DF65F17 /* XCRemoteSwiftPackageReference "GRDB.swift" */,
			);
			preferredProjectObjectVersion = 77;
			projectDirPath = "";
			projectRoot = "";
			targets = (
				3513847C6F92D3754D258074 /* ExpenseTracker */,
			);
		};
/* End PBXProject section */

/* Begin PBXResourcesBuildPhase section */
		4756DB68F54EC8BD6B64F4D2 /* Resources */ = {
			isa = PBXResourcesBuildPhase;
			buildActionMask = 2147483647;
			files = (
				099FCCB99435AD6CFD76F391 /* Assets.xcassets in Resources */,
			);
			runOnlyForDeploymentPostprocessing = 0;
		};
/* End PBXResourcesBuildPhase section */

/* Begin PBXSourcesBuildPhase section */
		38F7F2BFF52A041C3B0EEC03 /* Sources */ = {
			isa = PBXSourcesBuildPhase;
			buildActionMask = 2147483647;
			files = (
				C81126D7FF5FFFAD8C91E4BB /* APIClient.swift in Sources */,
				4F9CCE6B886A847CE4C8B7AA /* Category.swift in Sources */,
				3828F8A5058D838207B54E45 /* CategoryManagementViewModel.swift in Sources */,
				E770F6CE24579C032276E87C /* CategoryStore.swift in Sources */,
				00D9ED2059F793A872D7BFA0 /* ContentView.swift in Sources */,
				F782B9472C3BF04388963FE8 /* Expense.swift in Sources */,
				5A26C51467290B2BA9EE65DD /* ExpenseTrackerApp.swift in Sources */,
				D27A665C6576ECDB2F8CF2E6 /* GRDBCategoryStore.swift in Sources */,
				0B3CDA84A1AB7C3752EB1631 /* HomeView.swift in Sources */,
				C424C766A64EFCFEE6ABCA9C /* LocalStore.swift in Sources */,
				F51F2770C4D4B62541938B8F /* RootView.swift in Sources */,
				012EDB06A5E944386242239F /* SettingsView.swift in Sources */,
			);
			runOnlyForDeploymentPostprocessing = 0;
		};
/* End PBXSourcesBuildPhase section */

/* Begin XCBuildConfiguration section */
		0122C88A3CB23C016B2FD719 /* Debug */ = {
			isa = XCBuildConfiguration;
			buildSettings = {
				ALWAYS_SEARCH_USER_PATHS = NO;
				ASSETCATALOG_COMPILER_APPICON_NAME = AppIcon;
				CLANG_ANALYZER_NONNULL = YES;
				CLANG_ANALYZER_NUMBER_OBJECT_CONVERSION = YES_AGGRESSIVE;
				CLANG_CXX_LANGUAGE_STANDARD = "gnu++14";
				CLANG_CXX_LIBRARY = "libc++";
				CLANG_ENABLE_MODULES = YES;
				CLANG_ENABLE_OBJC_ARC = YES;
				CLANG_ENABLE_OBJC_WEAK = YES;
				CLANG_WARN_BLOCK_CAPTURE_AUTORELEASING = YES;
				CLANG_WARN_BOOL_CONVERSION = YES;
				CLANG_WARN_COMMA = YES;
				CLANG_WARN_CONSTANT_CONVERSION = YES;
				CLANG_WARN_DEPRECATED_OBJC_IMPLEMENTATIONS = YES;
				CLANG_WARN_DIRECT_OBJC_ISA_USAGE = YES_ERROR;
				CLANG_WARN_DOCUMENTATION_COMMENTS = YES;
				CLANG_WARN_EMPTY_BODY = YES;
				CLANG_WARN_ENUM_CONVERSION = YES;
				CLANG_WARN_INFINITE_RECURSION = YES;
				CLANG_WARN_INT_CONVERSION = YES;
				CLANG_WARN_NON_LITERAL_NULL_CONVERSION = YES;
				CLANG_WARN_OBJC_IMPLICIT_RETAIN_SELF = YES;
				CLANG_WARN_OBJC_LITERAL_CONVERSION = YES;
				CLANG_WARN_OBJC_ROOT_CLASS = YES_ERROR;
				CLANG_WARN_QUOTED_INCLUDE_IN_FRAMEWORK_HEADER = YES;
				CLANG_WARN_RANGE_LOOP_ANALYSIS = YES;
				CLANG_WARN_STRICT_PROTOTYPES = YES;
				CLANG_WARN_SUSPICIOUS_MOVE = YES;
				CLANG_WARN_UNGUARDED_AVAILABILITY = YES_AGGRESSIVE;
				CLANG_WARN_UNREACHABLE_CODE = YES;
				CLANG_WARN__DUPLICATE_METHOD_MATCH = YES;
				CODE_SIGN_STYLE = Automatic;
				COPY_PHASE_STRIP = NO;
				CURRENT_PROJECT_VERSION = 1;
				DEBUG_INFORMATION_FORMAT = dwarf;
				DEVELOPMENT_TEAM = "";
				ENABLE_STRICT_OBJC_MSGSEND = YES;
				ENABLE_TESTABILITY = YES;
				GCC_C_LANGUAGE_STANDARD = gnu11;
				GCC_DYNAMIC_NO_PIC = NO;
				GCC_NO_COMMON_BLOCKS = YES;
				GCC_OPTIMIZATION_LEVEL = 0;
				GCC_PREPROCESSOR_DEFINITIONS = (
					"$(inherited)",
					"DEBUG=1",
				);
				GCC_WARN_64_TO_32_BIT_CONVERSION = YES;
				GCC_WARN_ABOUT_RETURN_TYPE = YES_ERROR;
				GCC_WARN_UNDECLARED_SELECTOR = YES;
				GCC_WARN_UNINITIALIZED_AUTOS = YES_AGGRESSIVE;
				GCC_WARN_UNUSED_FUNCTION = YES;
				GCC_WARN_UNUSED_VARIABLE = YES;
				GENERATE_INFOPLIST_FILE = YES;
				INFOPLIST_KEY_CFBundleDisplayName = ExpenseTracker;
				INFOPLIST_KEY_UILaunchScreen_Generation = YES;
				IPHONEOS_DEPLOYMENT_TARGET = 16.0;
				MARKETING_VERSION = 0.0.1;
				MTL_ENABLE_DEBUG_INFO = INCLUDE_SOURCE;
				MTL_FAST_MATH = YES;
				ONLY_ACTIVE_ARCH = YES;
				PRODUCT_BUNDLE_IDENTIFIER = com.bkes994408.expensetracker;
				PRODUCT_NAME = "$(TARGET_NAME)";
				SDKROOT = iphoneos;
				SWIFT_ACTIVE_COMPILATION_CONDITIONS = DEBUG;
				SWIFT_OPTIMIZATION_LEVEL = "-Onone";
				SWIFT_VERSION = 5.0;
			};
			name = Debug;
		};
		390EC5C204C30B612C9209F6 /* Release */ = {
			isa = XCBuildConfiguration;
			buildSettings = {
				ASSETCATALOG_COMPILER_APPICON_NAME = AppIcon;
				CODE_SIGN_IDENTITY = "iPhone Developer";
				ENABLE_PREVIEWS = YES;
				INFOPLIST_KEY_UIApplicationSceneManifest_Generation = YES;
				INFOPLIST_KEY_UIUserInterfaceStyle = Light;
				LD_RUNPATH_SEARCH_PATHS = (
					"$(inherited)",
					"@executable_path/Frameworks",
				);
				SDKROOT = iphoneos;
				SWIFTUI_PREVIEWS = YES;
				TARGETED_DEVICE_FAMILY = "1,2";
			};
			name = Release;
		};
		39A2E43E371983CACCD6A60B /* Debug */ = {
			isa = XCBuildConfiguration;
			buildSettings = {
				ASSETCATALOG_COMPILER_APPICON_NAME = AppIcon;
				CODE_SIGN_IDENTITY = "iPhone Developer";
				ENABLE_PREVIEWS = YES;
				INFOPLIST_KEY_UIApplicationSceneManifest_Generation = YES;
				INFOPLIST_KEY_UIUserInterfaceStyle = Light;
				LD_RUNPATH_SEARCH_PATHS = (
					"$(inherited)",
					"@executable_path/Frameworks",
				);
				SDKROOT = iphoneos;
				SWIFTUI_PREVIEWS = YES;
				SWIFT_ACTIVE_COMPILATION_CONDITIONS = DEBUG;
				TARGETED_DEVICE_FAMILY = "1,2";
			};
			name = Debug;
		};
		E6CDF28B0EC8603E89C4B00C /* Release */ = {
			isa = XCBuildConfiguration;
			buildSettings = {
				ALWAYS_SEARCH_USER_PATHS = NO;
				ASSETCATALOG_COMPILER_APPICON_NAME = AppIcon;
				CLANG_ANALYZER_NONNULL = YES;
				CLANG_ANALYZER_NUMBER_OBJECT_CONVERSION = YES_AGGRESSIVE;
				CLANG_CXX_LANGUAGE_STANDARD = "gnu++14";
				CLANG_CXX_LIBRARY = "libc++";
				CLANG_ENABLE_MODULES = YES;
				CLANG_ENABLE_OBJC_ARC = YES;
				CLANG_ENABLE_OBJC_WEAK = YES;
				CLANG_WARN_BLOCK_CAPTURE_AUTORELEASING = YES;
				CLANG_WARN_BOOL_CONVERSION = YES;
				CLANG_WARN_COMMA = YES;
				CLANG_WARN_CONSTANT_CONVERSION = YES;
				CLANG_WARN_DEPRECATED_OBJC_IMPLEMENTATIONS = YES;
				CLANG_WARN_DIRECT_OBJC_ISA_USAGE = YES_ERROR;
				CLANG_WARN_DOCUMENTATION_COMMENTS = YES;
				CLANG_WARN_EMPTY_BODY = YES;
				CLANG_WARN_ENUM_CONVERSION = YES;
				CLANG_WARN_INFINITE_RECURSION = YES;
				CLANG_WARN_INT_CONVERSION = YES;
				CLANG_WARN_NON_LITERAL_NULL_CONVERSION = YES;
				CLANG_WARN_OBJC_IMPLICIT_RETAIN_SELF = YES;
				CLANG_WARN_OBJC_LITERAL_CONVERSION = YES;
				CLANG_WARN_OBJC_ROOT_CLASS = YES_ERROR;
				CLANG_WARN_QUOTED_INCLUDE_IN_FRAMEWORK_HEADER = YES;
				CLANG_WARN_RANGE_LOOP_ANALYSIS = YES;
				CLANG_WARN_STRICT_PROTOTYPES = YES;
				CLANG_WARN_SUSPICIOUS_MOVE = YES;
				CLANG_WARN_UNGUARDED_AVAILABILITY = YES_AGGRESSIVE;
				CLANG_WARN_UNREACHABLE_CODE = YES;
				CLANG_WARN__DUPLICATE_METHOD_MATCH = YES;
				CODE_SIGN_STYLE = Automatic;
				COPY_PHASE_STRIP = NO;
				CURRENT_PROJECT_VERSION = 1;
				DEBUG_INFORMATION_FORMAT = "dwarf-with-dsym";
				DEVELOPMENT_TEAM = "";
				ENABLE_NS_ASSERTIONS = NO;
				ENABLE_STRICT_OBJC_MSGSEND = YES;
				GCC_C_LANGUAGE_STANDARD = gnu11;
				GCC_NO_COMMON_BLOCKS = YES;
				GCC_WARN_64_TO_32_BIT_CONVERSION = YES;
				GCC_WARN_ABOUT_RETURN_TYPE = YES_ERROR;
				GCC_WARN_UNDECLARED_SELECTOR = YES;
				GCC_WARN_UNINITIALIZED_AUTOS = YES_AGGRESSIVE;
				GCC_WARN_UNUSED_FUNCTION = YES;
				GCC_WARN_UNUSED_VARIABLE = YES;
				GENERATE_INFOPLIST_FILE = YES;
				INFOPLIST_KEY_CFBundleDisplayName = ExpenseTracker;
				INFOPLIST_KEY_UILaunchScreen_Generation = YES;
				IPHONEOS_DEPLOYMENT_TARGET = 16.0;
				MARKETING_VERSION = 0.0.1;
				MTL_ENABLE_DEBUG_INFO = NO;
				MTL_FAST_MATH = YES;
				PRODUCT_BUNDLE_IDENTIFIER = com.bkes994408.expensetracker;
				PRODUCT_NAME = "$(TARGET_NAME)";
				SDKROOT = iphoneos;
				SWIFT_COMPILATION_MODE = wholemodule;
				SWIFT_OPTIMIZATION_LEVEL = "-O";
				SWIFT_VERSION = 5.0;
			};
			name = Release;
		};
/* End XCBuildConfiguration section */

/* Begin XCConfigurationList section */
		77CF17364857E655D9A461FA /* Build configuration list for PBXProject "ExpenseTracker" */ = {
			isa = XCConfigurationList;
			buildConfigurations = (
				0122C88A3CB23C016B2FD719 /* Debug */,
				E6CDF28B0EC8603E89C4B00C /* Release */,
			);
			defaultConfigurationIsVisible = 0;
			defaultConfigurationName = Debug;
		};
		D7216D6AA501E6BB769D4995 /* Build configuration list for PBXNativeTarget "ExpenseTracker" */ = {
			isa = XCConfigurationList;
			buildConfigurations = (
				39A2E43E371983CACCD6A60B /* Debug */,
				390EC5C204C30B612C9209F6 /* Release */,
			);
			defaultConfigurationIsVisible = 0;
			defaultConfigurationName = Debug;
		};
/* End XCConfigurationList section */

/* Begin XCRemoteSwiftPackageReference section */
		1637BFC0B18F64397DF65F17 /* XCRemoteSwiftPackageReference "GRDB.swift" */ = {
			isa = XCRemoteSwiftPackageReference;
			repositoryURL = "https://github.com/groue/GRDB.swift.git";
			requirement = {
				kind = upToNextMajorVersion;
				minimumVersion = 6.29.3;
			};
		};
/* End XCRemoteSwiftPackageReference section */

/* Begin XCSwiftPackageProductDependency section */
		27FD1B861F6040771576F03D /* GRDB */ = {
			isa = XCSwiftPackageProductDependency;
			package = 1637BFC0B18F64397DF65F17 /* XCRemoteSwiftPackageReference "GRDB.swift" */;
			productName = GRDB;
		};
/* End XCSwiftPackageProductDependency section */
	};
	rootObject = FCF189F5D2D9FC3BB06449CE /* Project object */;
}
