// !$* PROJECT_FILE_VERSION = 1350; *$!
// !$* TARGET_SDK_VERSION = 17.0; *$!
//  project.pbxproj
//  ExpenseTracker
//
//  Created by OpenClaw on 2024/02/22.
//

//
//  Generated by OpenClaw, this is a minimal placeholder.
//  A proper Xcode project file requires generation by Xcode or a tool like `xcodegen`.
//

{
	archiveVersion = 1;
	classes = {
	};
	objectVersion = 56;
	objects = {

/* Begin PBXBuildFile section */
/* End PBXBuildFile section */

/* Begin PBXContainerItemProxy section */
/* End PBXContainerItemProxy section */

/* Begin PBXFileReference section */
/* End PBXFileReference section */

/* Begin PBXFrameworksBuildPhase section */
/* End PBXFrameworksBuildPhase section */

/* Begin PBXGroup section */
/* End PBXGroup section */

/* Begin PBXLegacyTargetEditor section */
/* End PBXLegacyTargetEditor section */

/* Begin PBXNativeTarget section */
/* End PBXNativeTarget section */

/* Begin PBXProject section */
/* End PBXProject section */

/* Begin PBXResourcesBuildPhase section */
/* End PBXResourcesBuildPhase section */

/* Begin PBXSourcesBuildPhase section */
/* End PBXSourcesBuildPhase section */

/* Begin PBXTargetDependency section */
/* End PBXTargetDependency section */

/* Begin PBXVariantGroup section */
/* End PBXVariantGroup section */

/* Begin XCBuildConfiguration section */
/* End XCBuildConfiguration section */

/* Begin XCConfigurationList section */
/* End XCConfigurationList section */

	};
	rootObject = 0; /* Project object */
}